<Solution>
  <Project Path="EbaySharp/EbaySharp.csproj" />
  <Project Path="FeeBayConnectionTester/FeeBayConnectionTester.csproj" />
  <Project Path="FeeBayOAuth.TokenFactory/FeeBayOAuth.TokenService.csproj" />
  <Project Path="LocalDBConnections/LocalDBConnections.csproj" />
  <Project Path="SimpleFin/SimpleFin.csproj" />
  <Project Path="StripeCCProcessor/StripeCCProcessor.csproj" />
</Solution>
