
Microsoft Visual Studio Solution File, Format Version 12.00
# Visual Studio Version 18
VisualStudioVersion = 18.6.11819.183
MinimumVisualStudioVersion = 10.0.40219.1
Project("{FAE04EC0-301F-11D3-BF4B-00C04F79EFBC}") = "FeeBayOAuth.TokenService", "FeeBayOAuth.TokenService.csproj", "{93C95787-8F72-4312-2EF4-736568E3E27F}"
EndProject
Project("{FAE04EC0-301F-11D3-BF4B-00C04F79EFBC}") = "LocalDBConnections", "..\LocalDBConnections\LocalDBConnections.csproj", "{DB239E6A-4F7C-4292-A160-B9921195772F}"
EndProject
Project("{FAE04EC0-301F-11D3-BF4B-00C04F79EFBC}") = "FeeBayConnectionTester", "..\FeeBayConnectionTester\FeeBayConnectionTester.csproj", "{1B86BDAA-0D5A-4DB4-8924-366943CC2E63}"
EndProject
Project("{FAE04EC0-301F-11D3-BF4B-00C04F79EFBC}") = "EbaySharp", "..\EbaySharp\EbaySharp.csproj", "{E7B79260-FA95-8587-BB67-4B32E7E675E6}"
EndProject
Global
	GlobalSection(SolutionConfigurationPlatforms) = preSolution
		Debug|Any CPU = Debug|Any CPU
		Release|Any CPU = Release|Any CPU
	EndGlobalSection
	GlobalSection(ProjectConfigurationPlatforms) = postSolution
		{93C95787-8F72-4312-2EF4-736568E3E27F}.Debug|Any CPU.ActiveCfg = Debug|Any CPU
		{93C95787-8F72-4312-2EF4-736568E3E27F}.Debug|Any CPU.Build.0 = Debug|Any CPU
		{93C95787-8F72-4312-2EF4-736568E3E27F}.Release|Any CPU.ActiveCfg = Release|Any CPU
		{93C95787-8F72-4312-2EF4-736568E3E27F}.Release|Any CPU.Build.0 = Release|Any CPU
		{DB239E6A-4F7C-4292-A160-B9921195772F}.Debug|Any CPU.ActiveCfg = Debug|Any CPU
		{DB239E6A-4F7C-4292-A160-B9921195772F}.Debug|Any CPU.Build.0 = Debug|Any CPU
		{DB239E6A-4F7C-4292-A160-B9921195772F}.Release|Any CPU.ActiveCfg = Release|Any CPU
		{DB239E6A-4F7C-4292-A160-B9921195772F}.Release|Any CPU.Build.0 = Release|Any CPU
		{1B86BDAA-0D5A-4DB4-8924-366943CC2E63}.Debug|Any CPU.ActiveCfg = Debug|Any CPU
		{1B86BDAA-0D5A-4DB4-8924-366943CC2E63}.Debug|Any CPU.Build.0 = Debug|Any CPU
		{1B86BDAA-0D5A-4DB4-8924-366943CC2E63}.Release|Any CPU.ActiveCfg = Release|Any CPU
		{1B86BDAA-0D5A-4DB4-8924-366943CC2E63}.Release|Any CPU.Build.0 = Release|Any CPU
		{E7B79260-FA95-8587-BB67-4B32E7E675E6}.Debug|Any CPU.ActiveCfg = Debug|Any CPU
		{E7B79260-FA95-8587-BB67-4B32E7E675E6}.Debug|Any CPU.Build.0 = Debug|Any CPU
		{E7B79260-FA95-8587-BB67-4B32E7E675E6}.Release|Any CPU.ActiveCfg = Release|Any CPU
		{E7B79260-FA95-8587-BB67-4B32E7E675E6}.Release|Any CPU.Build.0 = Release|Any CPU
	EndGlobalSection
	GlobalSection(SolutionProperties) = preSolution
		HideSolutionNode = FALSE
	EndGlobalSection
	GlobalSection(ExtensibilityGlobals) = postSolution
		SolutionGuid = {C444F72C-262F-46E7-810D-119BB21FE34E}
	EndGlobalSection
EndGlobal
